{
  "nodes": {
    "crane": {
      "locked": {
        "lastModified": 1770419512,
        "narHash": "sha256-o8Vcdz6B6bkiGUYkZqFwH3Pv1JwZyXht3dMtS7RchIo=",
        "owner": "ipetkov",
        "repo": "crane",
        "rev": "2510f2cbc3ccd237f700bb213756a8f35c32d8d7",
        "type": "github"
      },
      "original": {
        "owner": "ipetkov",
        "repo": "crane",
        "type": "github"
      }
    },
    "crane_2": {
      "locked": {
        "lastModified": 1770419512,
        "narHash": "sha256-o8Vcdz6B6bkiGUYkZqFwH3Pv1JwZyXht3dMtS7RchIo=",
        "owner": "ipetkov",
        "repo": "crane",
        "rev": "2510f2cbc3ccd237f700bb213756a8f35c32d8d7",
        "type": "github"
      },
      "original": {
        "owner": "ipetkov",
        "repo": "crane",
        "type": "github"
      }
    },
    "crane_3": {
      "locked": {
        "lastModified": 1770419512,
        "narHash": "sha256-o8Vcdz6B6bkiGUYkZqFwH3Pv1JwZyXht3dMtS7RchIo=",
        "owner": "ipetkov",
        "repo": "crane",
        "rev": "2510f2cbc3ccd237f700bb213756a8f35c32d8d7",
        "type": "github"
      },
      "original": {
        "owner": "ipetkov",
        "repo": "crane",
        "type": "github"
      }
    },
    "disko": {
      "inputs": {
        "nixpkgs": [
          "nixpkgs"
        ]
      },
      "locked": {
        "lastModified": 1777713215,
        "narHash": "sha256-8GzXDOXckDWwST8TY5DbwYFjdvQLlP7K9CLSVx6iTTo=",
        "owner": "nix-community",
        "repo": "disko",
        "rev": "63b4e7e6cf75307c1d26ac3762b886b5b0247267",
        "type": "github"
      },
      "original": {
        "owner": "nix-community",
        "repo": "disko",
        "type": "github"
      }
    },
    "factory_game": {
      "inputs": {
        "crane": "crane",
        "fenix": "fenix",
        "nixpkgs": [
          "nixpkgs"
        ],
        "nixpkgs-codium": "nixpkgs-codium"
      },
      "locked": {
        "lastModified": 1774000672,
        "lfs": true,
        "narHash": "sha256-kYSmv5uMM63WLEc3Y35yW6CpyWu2dyV1qmHFCZNakn0=",
        "ref": "dev",
        "rev": "663662791dbdff49f7ab4b7ef39c30de9d4cb7c6",
        "revCount": 462,
        "type": "git",
        "url": "https://github.com/BloodStainedCrow/FactoryGame.git"
      },
      "original": {
        "lfs": true,
        "ref": "dev",
        "type": "git",
        "url": "https://github.com/BloodStainedCrow/FactoryGame.git"
      }
    },
    "factory_game_dev": {
      "inputs": {
        "crane": "crane_2",
        "fenix": "fenix_2",
        "nixpkgs": [
          "nixpkgs"
        ],
        "nixpkgs-codium": "nixpkgs-codium_2"
      },
      "locked": {
        "lastModified": 1774000672,
        "lfs": true,
        "narHash": "sha256-kYSmv5uMM63WLEc3Y35yW6CpyWu2dyV1qmHFCZNakn0=",
        "ref": "dev",
        "rev": "663662791dbdff49f7ab4b7ef39c30de9d4cb7c6",
        "revCount": 462,
        "type": "git",
        "url": "https://github.com/BloodStainedCrow/FactoryGame.git"
      },
      "original": {
        "lfs": true,
        "ref": "dev",
        "type": "git",
        "url": "https://github.com/BloodStainedCrow/FactoryGame.git"
      }
    },
    "factory_game_main": {
      "inputs": {
        "crane": "crane_3",
        "fenix": "fenix_3",
        "nixpkgs": [
          "nixpkgs"
        ],
        "nixpkgs-codium": "nixpkgs-codium_3"
      },
      "locked": {
        "lastModified": 1771523185,
        "lfs": true,
        "narHash": "sha256-2Z42B+0IgrugH15YeLn64gc53v598ogSNsDBxhh8WwU=",
        "ref": "master",
        "rev": "0ffa7000cd403156dc2236296d29d738fc10d8e4",
        "revCount": 304,
        "type": "git",
        "url": "https://github.com/BloodStainedCrow/FactoryGame.git"
      },
      "original": {
        "lfs": true,
        "ref": "master",
        "type": "git",
        "url": "https://github.com/BloodStainedCrow/FactoryGame.git"
      }
    },
    "fenix": {
      "inputs": {
        "nixpkgs": [
          "factory_game",
          "nixpkgs"
        ],
        "rust-analyzer-src": "rust-analyzer-src"
      },
      "locked": {
        "lastModified": 1770447430,
        "narHash": "sha256-smrRbWhvJF6BATB6pXbD8Cp04HRrVcYQkXqOhUF81nk=",
        "owner": "nix-community",
        "repo": "fenix",
        "rev": "e1b28f6ca0d1722edceec1f2f3501558988d1aed",
        "type": "github"
      },
      "original": {
        "owner": "nix-community",
        "repo": "fenix",
        "type": "github"
      }
    },
    "fenix_2": {
      "inputs": {
        "nixpkgs": [
          "factory_game_dev",
          "nixpkgs"
        ],
        "rust-analyzer-src": "rust-analyzer-src_2"
      },
      "locked": {
        "lastModified": 1770447430,
        "narHash": "sha256-smrRbWhvJF6BATB6pXbD8Cp04HRrVcYQkXqOhUF81nk=",
        "owner": "nix-community",
        "repo": "fenix",
        "rev": "e1b28f6ca0d1722edceec1f2f3501558988d1aed",
        "type": "github"
      },
      "original": {
        "owner": "nix-community",
        "repo": "fenix",
        "type": "github"
      }
    },
    "fenix_3": {
      "inputs": {
        "nixpkgs": [
          "factory_game_main",
          "nixpkgs"
        ],
        "rust-analyzer-src": "rust-analyzer-src_3"
      },
      "locked": {
        "lastModified": 1770447430,
        "narHash": "sha256-smrRbWhvJF6BATB6pXbD8Cp04HRrVcYQkXqOhUF81nk=",
        "owner": "nix-community",
        "repo": "fenix",
        "rev": "e1b28f6ca0d1722edceec1f2f3501558988d1aed",
        "type": "github"
      },
      "original": {
        "owner": "nix-community",
        "repo": "fenix",
        "type": "github"
      }
    },
    "firefox-addons": {
      "inputs": {
        "flake-utils": "flake-utils",
        "nixpkgs": [
          "nixpkgs"
        ]
      },
      "locked": {
        "lastModified": 1777945852,
        "narHash": "sha256-bMtCgc61VX0KoEfmYHs8AjKc3Y/l2AsxZCAlY6dqNnE=",
        "owner": "petrkozorezov",
        "repo": "firefox-addons-nix",
        "rev": "ba8630a34d893f6c5c696bd0234daebcea22f649",
        "type": "github"
      },
      "original": {
        "owner": "petrkozorezov",
        "repo": "firefox-addons-nix",
        "type": "github"
      }
    },
    "flake-compat": {
      "flake": false,
      "locked": {
        "lastModified": 1767039857,
        "narHash": "sha256-vNpUSpF5Nuw8xvDLj2KCwwksIbjua2LZCqhV1LNRDns=",
        "owner": "edolstra",
        "repo": "flake-compat",
        "rev": "5edf11c44bc78a0d334f6334cdaf7d60d732daab",
        "type": "github"
      },
      "original": {
        "owner": "edolstra",
        "repo": "flake-compat",
        "type": "github"
      }
    },
    "flake-file": {
      "locked": {
        "lastModified": 1777679829,
        "narHash": "sha256-zQxY90pq7BDbeimAiOfuK2U0huzo6oHOiC8zEpRgsbQ=",
        "owner": "vic",
        "repo": "flake-file",
        "rev": "04ca28cf570276e70a9a5f694791ab2a60f1f300",
        "type": "github"
      },
      "original": {
        "owner": "vic",
        "repo": "flake-file",
        "type": "github"
      }
    },
    "flake-parts": {
      "inputs": {
        "nixpkgs-lib": "nixpkgs-lib"
      },
      "locked": {
        "lastModified": 1777988971,
        "narHash": "sha256-qIoWPDs+0/8JecyYgE3gpKQxW/4bLW/gp45vow9ioCQ=",
        "owner": "hercules-ci",
        "repo": "flake-parts",
        "rev": "0678d8986be1661af6bb555f3489f2fdfc31f6ff",
        "type": "github"
      },
      "original": {
        "owner": "hercules-ci",
        "repo": "flake-parts",
        "type": "github"
      }
    },
    "flake-utils": {
      "inputs": {
        "systems": "systems"
      },
      "locked": {
        "lastModified": 1731533236,
        "narHash": "sha256-l0KFg5HjrsfsO/JpG+r7fRrqm12kzFHyUHqHCVpMMbI=",
        "owner": "numtide",
        "repo": "flake-utils",
        "rev": "11707dc2f618dd54ca8739b309ec4fc024de578b",
        "type": "github"
      },
      "original": {
        "id": "flake-utils",
        "type": "indirect"
      }
    },
    "home-manager": {
      "inputs": {
        "nixpkgs": [
          "nixpkgs"
        ]
      },
      "locked": {
        "lastModified": 1777851538,
        "narHash": "sha256-Gp8qwTEYNoy2yvmErVGlvLOQvrtEECCAKbonW7VJef8=",
        "owner": "nix-community",
        "repo": "home-manager",
        "rev": "cc09c0f9b7eaa95c2d9827338a5eb03d32505ca5",
        "type": "github"
      },
      "original": {
        "owner": "nix-community",
        "ref": "release-25.11",
        "repo": "home-manager",
        "type": "github"
      }
    },
    "home-manager_2": {
      "inputs": {
        "nixpkgs": [
          "impermanence",
          "nixpkgs"
        ]
      },
      "locked": {
        "lastModified": 1768598210,
        "narHash": "sha256-kkgA32s/f4jaa4UG+2f8C225Qvclxnqs76mf8zvTVPg=",
        "owner": "nix-community",
        "repo": "home-manager",
        "rev": "c47b2cc64a629f8e075de52e4742de688f930dc6",
        "type": "github"
      },
      "original": {
        "owner": "nix-community",
        "repo": "home-manager",
        "type": "github"
      }
    },
    "impermanence": {
      "inputs": {
        "home-manager": "home-manager_2",
        "nixpkgs": "nixpkgs"
      },
      "locked": {
        "lastModified": 1768936864,
        "narHash": "sha256-uwySq5x31S6PlQt2gQaMooBuAi6pZwr3tpgNMTyYyNk=",
        "owner": "Musholic",
        "repo": "impermanence",
        "rev": "9697c874ef1f646b628b7ddf3389ae775ccc4038",
        "type": "github"
      },
      "original": {
        "owner": "Musholic",
        "ref": "home_suffix_fix",
        "repo": "impermanence",
        "type": "github"
      }
    },
    "import-tree": {
      "locked": {
        "lastModified": 1773693634,
        "narHash": "sha256-BtZ2dtkBdSUnFPPFc+n0kcMbgaTxzFNPv2iaO326Ffg=",
        "owner": "vic",
        "repo": "import-tree",
        "rev": "c41e7d58045f9057880b0d85e1152d6a4430dbf1",
        "type": "github"
      },
      "original": {
        "owner": "vic",
        "repo": "import-tree",
        "type": "github"
      }
    },
    "intel-oneapi-vtune": {
      "flake": false,
      "locked": {
        "path": "./packages-custom/intel-oneapi-vtune/package.nix",
        "type": "path"
      },
      "original": {
        "path": "./packages-custom/intel-oneapi-vtune/package.nix",
        "type": "path"
      },
      "parent": []
    },
    "intel-vtune-sepdk": {
      "flake": false,
      "locked": {
        "path": "./kernelModules/intel-vtune-sepdk",
        "type": "path"
      },
      "original": {
        "path": "./kernelModules/intel-vtune-sepdk",
        "type": "path"
      },
      "parent": []
    },
    "nix-index": {
      "inputs": {
        "flake-compat": "flake-compat",
        "nixpkgs": [
          "nixpkgs"
        ]
      },
      "locked": {
        "lastModified": 1777390267,
        "narHash": "sha256-3tnrsI3Z51WUCs/wte3mdzo10vsmcVruQKNCFq04LTo=",
        "owner": "nix-community",
        "repo": "nix-index",
        "rev": "db3e2fea2e2c34b35adccc772850e01685e94458",
        "type": "github"
      },
      "original": {
        "owner": "nix-community",
        "repo": "nix-index",
        "type": "github"
      }
    },
    "nixpkgs": {
      "locked": {
        "lastModified": 1768564909,
        "narHash": "sha256-Kell/SpJYVkHWMvnhqJz/8DqQg2b6PguxVWOuadbHCc=",
        "owner": "nixos",
        "repo": "nixpkgs",
        "rev": "e4bae1bd10c9c57b2cf517953ab70060a828ee6f",
        "type": "github"
      },
      "original": {
        "owner": "nixos",
        "ref": "nixos-unstable",
        "repo": "nixpkgs",
        "type": "github"
      }
    },
    "nixpkgs-codium": {
      "locked": {
        "lastModified": 1762943920,
        "narHash": "sha256-ITeH8GBpQTw9457ICZBddQEBjlXMmilML067q0e6vqY=",
        "owner": "nixos",
        "repo": "nixpkgs",
        "rev": "91c9a64ce2a84e648d0cf9671274bb9c2fb9ba60",
        "type": "github"
      },
      "original": {
        "owner": "nixos",
        "ref": "91c9a64ce2a84e648d0cf9671274bb9c2fb9ba60",
        "repo": "nixpkgs",
        "type": "github"
      }
    },
    "nixpkgs-codium_2": {
      "locked": {
        "lastModified": 1762943920,
        "narHash": "sha256-ITeH8GBpQTw9457ICZBddQEBjlXMmilML067q0e6vqY=",
        "owner": "nixos",
        "repo": "nixpkgs",
        "rev": "91c9a64ce2a84e648d0cf9671274bb9c2fb9ba60",
        "type": "github"
      },
      "original": {
        "owner": "nixos",
        "ref": "91c9a64ce2a84e648d0cf9671274bb9c2fb9ba60",
        "repo": "nixpkgs",
        "type": "github"
      }
    },
    "nixpkgs-codium_3": {
      "locked": {
        "lastModified": 1762943920,
        "narHash": "sha256-ITeH8GBpQTw9457ICZBddQEBjlXMmilML067q0e6vqY=",
        "owner": "nixos",
        "repo": "nixpkgs",
        "rev": "91c9a64ce2a84e648d0cf9671274bb9c2fb9ba60",
        "type": "github"
      },
      "original": {
        "owner": "nixos",
        "ref": "91c9a64ce2a84e648d0cf9671274bb9c2fb9ba60",
        "repo": "nixpkgs",
        "type": "github"
      }
    },
    "nixpkgs-lib": {
      "locked": {
        "lastModified": 1777168982,
        "narHash": "sha256-GOkGPcboWE9BmGCRMLX3worL4EMnsnG8MyKmXNeYuhQ=",
        "owner": "nix-community",
        "repo": "nixpkgs.lib",
        "rev": "f5901329dade4a6ea039af1433fb087bd9c1fe14",
        "type": "github"
      },
      "original": {
        "owner": "nix-community",
        "repo": "nixpkgs.lib",
        "type": "github"
      }
    },
    "nixpkgs-unstable": {
      "locked": {
        "lastModified": 1777954456,
        "narHash": "sha256-hGdgeU2Nk87RAuZyYjyDjFL6LK7dAZN5RE9+hrDTkDU=",
        "owner": "nixos",
        "repo": "nixpkgs",
        "rev": "549bd84d6279f9852cae6225e372cc67fb91a4c1",
        "type": "github"
      },
      "original": {
        "owner": "nixos",
        "ref": "nixos-unstable",
        "repo": "nixpkgs",
        "type": "github"
      }
    },
    "nixpkgs_2": {
      "locked": {
        "lastModified": 1777673416,
        "narHash": "sha256-5c2POKPOjU40Kh0MirOdScBLG0bu9TAuPYAtPRNZMBs=",
        "owner": "nixos",
        "repo": "nixpkgs",
        "rev": "26ef669cffa904b6f6832ab57b77892a37c1a671",
        "type": "github"
      },
      "original": {
        "owner": "nixos",
        "ref": "nixos-25.11",
        "repo": "nixpkgs",
        "type": "github"
      }
    },
    "old-nixpkgs": {
      "locked": {
        "lastModified": 1685566663,
        "narHash": "sha256-btHN1czJ6rzteeCuE/PNrdssqYD2nIA4w48miQAFloM=",
        "owner": "nixos",
        "repo": "nixpkgs",
        "rev": "4ecab3273592f27479a583fb6d975d4aba3486fe",
        "type": "github"
      },
      "original": {
        "owner": "nixos",
        "ref": "23.05",
        "repo": "nixpkgs",
        "type": "github"
      }
    },
    "packages": {
      "flake": false,
      "locked": {
        "path": "./packages",
        "type": "path"
      },
      "original": {
        "path": "./packages",
        "type": "path"
      },
      "parent": []
    },
    "pkgs-by-name-for-flake-parts": {
      "locked": {
        "lastModified": 1769286518,
        "narHash": "sha256-F7VlUICvYp2wJKyQqM6d46BNEZCzMQ6dMH9zbmjuybc=",
        "owner": "drupol",
        "repo": "pkgs-by-name-for-flake-parts",
        "rev": "7ba1cd4a9a72c9c6c272018a63f090f2c912a171",
        "type": "github"
      },
      "original": {
        "owner": "drupol",
        "repo": "pkgs-by-name-for-flake-parts",
        "type": "github"
      }
    },
    "root": {
      "inputs": {
        "disko": "disko",
        "factory_game": "factory_game",
        "factory_game_dev": "factory_game_dev",
        "factory_game_main": "factory_game_main",
        "firefox-addons": "firefox-addons",
        "flake-file": "flake-file",
        "flake-parts": "flake-parts",
        "home-manager": "home-manager",
        "impermanence": "impermanence",
        "import-tree": "import-tree",
        "intel-oneapi-vtune": "intel-oneapi-vtune",
        "intel-vtune-sepdk": "intel-vtune-sepdk",
        "nix-index": "nix-index",
        "nixpkgs": "nixpkgs_2",
        "nixpkgs-unstable": "nixpkgs-unstable",
        "old-nixpkgs": "old-nixpkgs",
        "packages": "packages",
        "pkgs-by-name-for-flake-parts": "pkgs-by-name-for-flake-parts"
      }
    },
    "rust-analyzer-src": {
      "flake": false,
      "locked": {
        "lastModified": 1770290336,
        "narHash": "sha256-rJ79U68ZLjCSg1Qq+63aBXi//W7blaKiYq9NnfeTboA=",
        "owner": "rust-lang",
        "repo": "rust-analyzer",
        "rev": "d2a00da09293267e5be2efb216698762929d7140",
        "type": "github"
      },
      "original": {
        "owner": "rust-lang",
        "ref": "nightly",
        "repo": "rust-analyzer",
        "type": "github"
      }
    },
    "rust-analyzer-src_2": {
      "flake": false,
      "locked": {
        "lastModified": 1770290336,
        "narHash": "sha256-rJ79U68ZLjCSg1Qq+63aBXi//W7blaKiYq9NnfeTboA=",
        "owner": "rust-lang",
        "repo": "rust-analyzer",
        "rev": "d2a00da09293267e5be2efb216698762929d7140",
        "type": "github"
      },
      "original": {
        "owner": "rust-lang",
        "ref": "nightly",
        "repo": "rust-analyzer",
        "type": "github"
      }
    },
    "rust-analyzer-src_3": {
      "flake": false,
      "locked": {
        "lastModified": 1770290336,
        "narHash": "sha256-rJ79U68ZLjCSg1Qq+63aBXi//W7blaKiYq9NnfeTboA=",
        "owner": "rust-lang",
        "repo": "rust-analyzer",
        "rev": "d2a00da09293267e5be2efb216698762929d7140",
        "type": "github"
      },
      "original": {
        "owner": "rust-lang",
        "ref": "nightly",
        "repo": "rust-analyzer",
        "type": "github"
      }
    },
    "systems": {
      "locked": {
        "lastModified": 1681028828,
        "narHash": "sha256-Vy1rq5AaRuLzOxct8nz4T6wlgyUR7zLU309k9mBC768=",
        "owner": "nix-systems",
        "repo": "default",
        "rev": "da67096a3b9bf56a91d16901293e51ba5b49a27e",
        "type": "github"
      },
      "original": {
        "owner": "nix-systems",
        "repo": "default",
        "type": "github"
      }
    }
  },
  "root": "root",
  "version": 7
}
